
Microsoft Visual Studio Solution File, Format Version 12.00
# Visual Studio Version 16
VisualStudioVersion = 16.0.810.16
MinimumVisualStudioVersion = 10.0.40219.1
Project("{FAE04EC0-301F-11D3-BF4B-00C04F79EFBC}") = "ProjetoElevador_Documentacao", "ProjetoElevador_Documentacao\ProjetoElevador_Documentacao.csproj", "{0E563514-8B99-4A66-9672-4861BCDDD1CD}"
EndProject
Global
	GlobalSection(SolutionConfigurationPlatforms) = preSolution
		Debug|Any CPU = Debug|Any CPU
		Release|Any CPU = Release|Any CPU
	EndGlobalSection
	GlobalSection(ProjectConfigurationPlatforms) = postSolution
		{0E563514-8B99-4A66-9672-4861BCDDD1CD}.Debug|Any CPU.ActiveCfg = Debug|Any CPU
		{0E563514-8B99-4A66-9672-4861BCDDD1CD}.Debug|Any CPU.Build.0 = Debug|Any CPU
		{0E563514-8B99-4A66-9672-4861BCDDD1CD}.Release|Any CPU.ActiveCfg = Release|Any CPU
		{0E563514-8B99-4A66-9672-4861BCDDD1CD}.Release|Any CPU.Build.0 = Release|Any CPU
	EndGlobalSection
	GlobalSection(SolutionProperties) = preSolution
		HideSolutionNode = FALSE
	EndGlobalSection
	GlobalSection(ExtensibilityGlobals) = postSolution
		SolutionGuid = {164265CE-A6E5-4909-86EB-9F5736850948}
	EndGlobalSection
EndGlobal
